
Microsoft Visual Studio Solution File, Format Version 12.00
# Visual Studio Version 16
VisualStudioVersion = 16.0.30717.126
MinimumVisualStudioVersion = 10.0.40219.1
Project("{FAE04EC0-301F-11D3-BF4B-00C04F79EFBC}") = "EmpresaGhost", "EmpresaGhost\EmpresaGhost.csproj", "{4A9CFA42-6385-4728-A420-C37FBB803B0C}"
EndProject
Project("{FAE04EC0-301F-11D3-BF4B-00C04F79EFBC}") = "EmpresaGhostTesting", "EmpresaGhostTesting\EmpresaGhostTesting.csproj", "{0270128D-EA61-4ACE-A464-AE6772727E72}"
EndProject
Global
	GlobalSection(SolutionConfigurationPlatforms) = preSolution
		Debug|Any CPU = Debug|Any CPU
		Release|Any CPU = Release|Any CPU
	EndGlobalSection
	GlobalSection(ProjectConfigurationPlatforms) = postSolution
		{4A9CFA42-6385-4728-A420-C37FBB803B0C}.Debug|Any CPU.ActiveCfg = Debug|Any CPU
		{4A9CFA42-6385-4728-A420-C37FBB803B0C}.Debug|Any CPU.Build.0 = Debug|Any CPU
		{4A9CFA42-6385-4728-A420-C37FBB803B0C}.Release|Any CPU.ActiveCfg = Release|Any CPU
		{4A9CFA42-6385-4728-A420-C37FBB803B0C}.Release|Any CPU.Build.0 = Release|Any CPU
		{0270128D-EA61-4ACE-A464-AE6772727E72}.Debug|Any CPU.ActiveCfg = Debug|Any CPU
		{0270128D-EA61-4ACE-A464-AE6772727E72}.Debug|Any CPU.Build.0 = Debug|Any CPU
		{0270128D-EA61-4ACE-A464-AE6772727E72}.Release|Any CPU.ActiveCfg = Release|Any CPU
		{0270128D-EA61-4ACE-A464-AE6772727E72}.Release|Any CPU.Build.0 = Release|Any CPU
	EndGlobalSection
	GlobalSection(SolutionProperties) = preSolution
		HideSolutionNode = FALSE
	EndGlobalSection
	GlobalSection(ExtensibilityGlobals) = postSolution
		SolutionGuid = {D67475ED-7444-443A-B7EE-E3FE60C28768}
	EndGlobalSection
EndGlobal
